
Microsoft Visual Studio Solution File, Format Version 12.00
# Visual Studio Version 17
VisualStudioVersion = 17.9.34607.119
MinimumVisualStudioVersion = 10.0.40219.1
Project("{FAE04EC0-301F-11D3-BF4B-00C04F79EFBC}") = "Laba1", "Laba1\Laba1.csproj", "{03872E6A-5884-4F6D-8D51-39DA40E78E3B}"
EndProject
Project("{FAE04EC0-301F-11D3-BF4B-00C04F79EFBC}") = "Laba1(3)", "Laba1(2)\Laba1(3).csproj", "{738830D6-E0B9-465F-8081-F2BA4FE36F07}"
EndProject
Project("{FAE04EC0-301F-11D3-BF4B-00C04F79EFBC}") = "Laba1(2)", "Laba1(4)\Laba1(2).csproj", "{A0DE87C6-16E5-40CC-8233-E3F7C7F43369}"
EndProject
Global
	GlobalSection(SolutionConfigurationPlatforms) = preSolution
		Debug|Any CPU = Debug|Any CPU
		Release|Any CPU = Release|Any CPU
	EndGlobalSection
	GlobalSection(ProjectConfigurationPlatforms) = postSolution
		{03872E6A-5884-4F6D-8D51-39DA40E78E3B}.Debug|Any CPU.ActiveCfg = Debug|Any CPU
		{03872E6A-5884-4F6D-8D51-39DA40E78E3B}.Debug|Any CPU.Build.0 = Debug|Any CPU
		{03872E6A-5884-4F6D-8D51-39DA40E78E3B}.Release|Any CPU.ActiveCfg = Release|Any CPU
		{03872E6A-5884-4F6D-8D51-39DA40E78E3B}.Release|Any CPU.Build.0 = Release|Any CPU
		{738830D6-E0B9-465F-8081-F2BA4FE36F07}.Debug|Any CPU.ActiveCfg = Debug|Any CPU
		{738830D6-E0B9-465F-8081-F2BA4FE36F07}.Debug|Any CPU.Build.0 = Debug|Any CPU
		{738830D6-E0B9-465F-8081-F2BA4FE36F07}.Release|Any CPU.ActiveCfg = Release|Any CPU
		{738830D6-E0B9-465F-8081-F2BA4FE36F07}.Release|Any CPU.Build.0 = Release|Any CPU
		{A0DE87C6-16E5-40CC-8233-E3F7C7F43369}.Debug|Any CPU.ActiveCfg = Debug|Any CPU
		{A0DE87C6-16E5-40CC-8233-E3F7C7F43369}.Debug|Any CPU.Build.0 = Debug|Any CPU
		{A0DE87C6-16E5-40CC-8233-E3F7C7F43369}.Release|Any CPU.ActiveCfg = Release|Any CPU
		{A0DE87C6-16E5-40CC-8233-E3F7C7F43369}.Release|Any CPU.Build.0 = Release|Any CPU
	EndGlobalSection
	GlobalSection(SolutionProperties) = preSolution
		HideSolutionNode = FALSE
	EndGlobalSection
	GlobalSection(ExtensibilityGlobals) = postSolution
		SolutionGuid = {2F9BAC4E-F9D4-4EA0-93B9-DB3502CC8DE0}
	EndGlobalSection
EndGlobal
